// !$*UTF8*$!
{
	archiveVersion = 1;
	classes = {
	};
	objectVersion = 50;
	objects = {

/* Begin PBXBuildFile section */
		6843D9FB245CF9F500AF7F87 /* cafe80211.hpp in Headers */ = {isa = PBXBuildFile; fileRef = 6843D9FA245CF9F500AF7F87 /* cafe80211.hpp */; };
		6843D9FD245CF9F500AF7F87 /* cafe80211.cpp in Sources */ = {isa = PBXBuildFile; fileRef = 6843D9FC245CF9F500AF7F87 /* cafe80211.cpp */; };
		6843DA06245CFCB200AF7F87 /* cafe80211device.cpp in Sources */ = {isa = PBXBuildFile; fileRef = 6843DA04245CFCB200AF7F87 /* cafe80211device.cpp */; };
		6843DA07245CFCB200AF7F87 /* cafe80211device.hpp in Headers */ = {isa = PBXBuildFile; fileRef = 6843DA05245CFCB200AF7F87 /* cafe80211device.hpp */; };
		6843DA14245D0C8400AF7F87 /* IOSkywalkEthernetInterface.h in Headers */ = {isa = PBXBuildFile; fileRef = 6843DA09245D0C8300AF7F87 /* IOSkywalkEthernetInterface.h */; };
		6843DA15245D0C8400AF7F87 /* IOEthernetController.h in Headers */ = {isa = PBXBuildFile; fileRef = 6843DA0A245D0C8300AF7F87 /* IOEthernetController.h */; };
		6843DA16245D0C8400AF7F87 /* IO80211WorkLoop.h in Headers */ = {isa = PBXBuildFile; fileRef = 6843DA0B245D0C8300AF7F87 /* IO80211WorkLoop.h */; };
		6843DA17245D0C8400AF7F87 /* apple80211_var.h in Headers */ = {isa = PBXBuildFile; fileRef = 6843DA0C245D0C8300AF7F87 /* apple80211_var.h */; };
		6843DA18245D0C8400AF7F87 /* IONetworkController.h in Headers */ = {isa = PBXBuildFile; fileRef = 6843DA0D245D0C8400AF7F87 /* IONetworkController.h */; };
		6843DA19245D0C8400AF7F87 /* ioctl_dbg.h in Headers */ = {isa = PBXBuildFile; fileRef = 6843DA0E245D0C8400AF7F87 /* ioctl_dbg.h */; };
		6843DA1A245D0C8400AF7F87 /* IO80211Controller.h in Headers */ = {isa = PBXBuildFile; fileRef = 6843DA0F245D0C8400AF7F87 /* IO80211Controller.h */; };
		6843DA1B245D0C8400AF7F87 /* apple80211_wps.h in Headers */ = {isa = PBXBuildFile; fileRef = 6843DA10245D0C8400AF7F87 /* apple80211_wps.h */; };
		6843DA1C245D0C8400AF7F87 /* IO80211Interface.h in Headers */ = {isa = PBXBuildFile; fileRef = 6843DA11245D0C8400AF7F87 /* IO80211Interface.h */; };
		6843DA1D245D0C8400AF7F87 /* apple80211_ioctl.h in Headers */ = {isa = PBXBuildFile; fileRef = 6843DA12245D0C8400AF7F87 /* apple80211_ioctl.h */; };
		6843DA1E245D0C8400AF7F87 /* IO80211SkywalkInterface.h in Headers */ = {isa = PBXBuildFile; fileRef = 6843DA13245D0C8400AF7F87 /* IO80211SkywalkInterface.h */; };
		6843DA22245D280700AF7F87 /* cafe80211workloop.cpp in Sources */ = {isa = PBXBuildFile; fileRef = 6843DA20245D280700AF7F87 /* cafe80211workloop.cpp */; };
		6843DA23245D280700AF7F87 /* cafe80211workloop.hpp in Headers */ = {isa = PBXBuildFile; fileRef = 6843DA21245D280700AF7F87 /* cafe80211workloop.hpp */; };
/* End PBXBuildFile section */

/* Begin PBXFileReference section */
		6843D9F7245CF9F500AF7F87 /* cafe80211.kext */ = {isa = PBXFileReference; explicitFileType = wrapper.cfbundle; includeInIndex = 0; path = cafe80211.kext; sourceTree = BUILT_PRODUCTS_DIR; };
		6843D9FA245CF9F500AF7F87 /* cafe80211.hpp */ = {isa = PBXFileReference; lastKnownFileType = sourcecode.cpp.h; path = cafe80211.hpp; sourceTree = "<group>"; };
		6843D9FC245CF9F500AF7F87 /* cafe80211.cpp */ = {isa = PBXFileReference; lastKnownFileType = sourcecode.cpp.cpp; path = cafe80211.cpp; sourceTree = "<group>"; };
		6843D9FE245CF9F500AF7F87 /* Info.plist */ = {isa = PBXFileReference; lastKnownFileType = text.plist.xml; path = Info.plist; sourceTree = "<group>"; };
		6843DA04245CFCB200AF7F87 /* cafe80211device.cpp */ = {isa = PBXFileReference; lastKnownFileType = sourcecode.cpp.cpp; path = cafe80211device.cpp; sourceTree = "<group>"; };
		6843DA05245CFCB200AF7F87 /* cafe80211device.hpp */ = {isa = PBXFileReference; lastKnownFileType = sourcecode.cpp.h; path = cafe80211device.hpp; sourceTree = "<group>"; };
		6843DA09245D0C8300AF7F87 /* IOSkywalkEthernetInterface.h */ = {isa = PBXFileReference; fileEncoding = 4; lastKnownFileType = sourcecode.c.h; path = IOSkywalkEthernetInterface.h; sourceTree = "<group>"; };
		6843DA0A245D0C8300AF7F87 /* IOEthernetController.h */ = {isa = PBXFileReference; fileEncoding = 4; lastKnownFileType = sourcecode.c.h; path = IOEthernetController.h; sourceTree = "<group>"; };
		6843DA0B245D0C8300AF7F87 /* IO80211WorkLoop.h */ = {isa = PBXFileReference; fileEncoding = 4; lastKnownFileType = sourcecode.c.h; path = IO80211WorkLoop.h; sourceTree = "<group>"; };
		6843DA0C245D0C8300AF7F87 /* apple80211_var.h */ = {isa = PBXFileReference; fileEncoding = 4; lastKnownFileType = sourcecode.c.h; path = apple80211_var.h; sourceTree = "<group>"; };
		6843DA0D245D0C8400AF7F87 /* IONetworkController.h */ = {isa = PBXFileReference; fileEncoding = 4; lastKnownFileType = sourcecode.c.h; path = IONetworkController.h; sourceTree = "<group>"; };
		6843DA0E245D0C8400AF7F87 /* ioctl_dbg.h */ = {isa = PBXFileReference; fileEncoding = 4; lastKnownFileType = sourcecode.c.h; path = ioctl_dbg.h; sourceTree = "<group>"; };
		6843DA0F245D0C8400AF7F87 /* IO80211Controller.h */ = {isa = PBXFileReference; fileEncoding = 4; lastKnownFileType = sourcecode.c.h; path = IO80211Controller.h; sourceTree = "<group>"; };
		6843DA10245D0C8400AF7F87 /* apple80211_wps.h */ = {isa = PBXFileReference; fileEncoding = 4; lastKnownFileType = sourcecode.c.h; path = apple80211_wps.h; sourceTree = "<group>"; };
		6843DA11245D0C8400AF7F87 /* IO80211Interface.h */ = {isa = PBXFileReference; fileEncoding = 4; lastKnownFileType = sourcecode.c.h; path = IO80211Interface.h; sourceTree = "<group>"; };
		6843DA12245D0C8400AF7F87 /* apple80211_ioctl.h */ = {isa = PBXFileReference; fileEncoding = 4; lastKnownFileType = sourcecode.c.h; path = apple80211_ioctl.h; sourceTree = "<group>"; };
		6843DA13245D0C8400AF7F87 /* IO80211SkywalkInterface.h */ = {isa = PBXFileReference; fileEncoding = 4; lastKnownFileType = sourcecode.c.h; path = IO80211SkywalkInterface.h; sourceTree = "<group>"; };
		6843DA1F245D263400AF7F87 /* cafedebug.h */ = {isa = PBXFileReference; lastKnownFileType = sourcecode.c.h; path = cafedebug.h; sourceTree = "<group>"; };
		6843DA20245D280700AF7F87 /* cafe80211workloop.cpp */ = {isa = PBXFileReference; lastKnownFileType = sourcecode.cpp.cpp; path = cafe80211workloop.cpp; sourceTree = "<group>"; };
		6843DA21245D280700AF7F87 /* cafe80211workloop.hpp */ = {isa = PBXFileReference; lastKnownFileType = sourcecode.cpp.h; path = cafe80211workloop.hpp; sourceTree = "<group>"; };
/* End PBXFileReference section */

/* Begin PBXFrameworksBuildPhase section */
		6843D9F4245CF9F500AF7F87 /* Frameworks */ = {
			isa = PBXFrameworksBuildPhase;
			buildActionMask = 2147483647;
			files = (
			);
			runOnlyForDeploymentPostprocessing = 0;
		};
/* End PBXFrameworksBuildPhase section */

/* Begin PBXGroup section */
		6843D9ED245CF9F500AF7F87 = {
			isa = PBXGroup;
			children = (
				6843D9F9245CF9F500AF7F87 /* cafe80211 */,
				6843D9F8245CF9F500AF7F87 /* Products */,
			);
			indentWidth = 2;
			sourceTree = "<group>";
			tabWidth = 2;
		};
		6843D9F8245CF9F500AF7F87 /* Products */ = {
			isa = PBXGroup;
			children = (
				6843D9F7245CF9F500AF7F87 /* cafe80211.kext */,
			);
			name = Products;
			sourceTree = "<group>";
		};
		6843D9F9245CF9F500AF7F87 /* cafe80211 */ = {
			isa = PBXGroup;
			children = (
				6843DA08245D0C5B00AF7F87 /* apple80211 */,
				6843D9FA245CF9F500AF7F87 /* cafe80211.hpp */,
				6843D9FC245CF9F500AF7F87 /* cafe80211.cpp */,
				6843D9FE245CF9F500AF7F87 /* Info.plist */,
				6843DA04245CFCB200AF7F87 /* cafe80211device.cpp */,
				6843DA05245CFCB200AF7F87 /* cafe80211device.hpp */,
				6843DA1F245D263400AF7F87 /* cafedebug.h */,
				6843DA20245D280700AF7F87 /* cafe80211workloop.cpp */,
				6843DA21245D280700AF7F87 /* cafe80211workloop.hpp */,
			);
			path = cafe80211;
			sourceTree = "<group>";
		};
		6843DA08245D0C5B00AF7F87 /* apple80211 */ = {
			isa = PBXGroup;
			children = (
				6843DA12245D0C8400AF7F87 /* apple80211_ioctl.h */,
				6843DA0C245D0C8300AF7F87 /* apple80211_var.h */,
				6843DA10245D0C8400AF7F87 /* apple80211_wps.h */,
				6843DA0F245D0C8400AF7F87 /* IO80211Controller.h */,
				6843DA11245D0C8400AF7F87 /* IO80211Interface.h */,
				6843DA13245D0C8400AF7F87 /* IO80211SkywalkInterface.h */,
				6843DA0B245D0C8300AF7F87 /* IO80211WorkLoop.h */,
				6843DA0E245D0C8400AF7F87 /* ioctl_dbg.h */,
				6843DA0A245D0C8300AF7F87 /* IOEthernetController.h */,
				6843DA0D245D0C8400AF7F87 /* IONetworkController.h */,
				6843DA09245D0C8300AF7F87 /* IOSkywalkEthernetInterface.h */,
			);
			path = apple80211;
			sourceTree = "<group>";
		};
/* End PBXGroup section */

/* Begin PBXHeadersBuildPhase section */
		6843D9F2245CF9F500AF7F87 /* Headers */ = {
			isa = PBXHeadersBuildPhase;
			buildActionMask = 2147483647;
			files = (
				6843DA1D245D0C8400AF7F87 /* apple80211_ioctl.h in Headers */,
				6843DA19245D0C8400AF7F87 /* ioctl_dbg.h in Headers */,
				6843DA17245D0C8400AF7F87 /* apple80211_var.h in Headers */,
				6843DA1E245D0C8400AF7F87 /* IO80211SkywalkInterface.h in Headers */,
				6843DA14245D0C8400AF7F87 /* IOSkywalkEthernetInterface.h in Headers */,
				6843DA07245CFCB200AF7F87 /* cafe80211device.hpp in Headers */,
				6843DA23245D280700AF7F87 /* cafe80211workloop.hpp in Headers */,
				6843DA1A245D0C8400AF7F87 /* IO80211Controller.h in Headers */,
				6843DA18245D0C8400AF7F87 /* IONetworkController.h in Headers */,
				6843D9FB245CF9F500AF7F87 /* cafe80211.hpp in Headers */,
				6843DA15245D0C8400AF7F87 /* IOEthernetController.h in Headers */,
				6843DA16245D0C8400AF7F87 /* IO80211WorkLoop.h in Headers */,
				6843DA1C245D0C8400AF7F87 /* IO80211Interface.h in Headers */,
				6843DA1B245D0C8400AF7F87 /* apple80211_wps.h in Headers */,
			);
			runOnlyForDeploymentPostprocessing = 0;
		};
/* End PBXHeadersBuildPhase section */

/* Begin PBXNativeTarget section */
		6843D9F6245CF9F500AF7F87 /* cafe80211 */ = {
			isa = PBXNativeTarget;
			buildConfigurationList = 6843DA01245CF9F500AF7F87 /* Build configuration list for PBXNativeTarget "cafe80211" */;
			buildPhases = (
				6843D9F2245CF9F500AF7F87 /* Headers */,
				6843D9F3245CF9F500AF7F87 /* Sources */,
				6843D9F4245CF9F500AF7F87 /* Frameworks */,
				6843D9F5245CF9F500AF7F87 /* Resources */,
			);
			buildRules = (
			);
			dependencies = (
			);
			name = cafe80211;
			productName = cafe80211;
			productReference = 6843D9F7245CF9F500AF7F87 /* cafe80211.kext */;
			productType = "com.apple.product-type.kernel-extension";
		};
/* End PBXNativeTarget section */

/* Begin PBXProject section */
		6843D9EE245CF9F500AF7F87 /* Project object */ = {
			isa = PBXProject;
			attributes = {
				LastUpgradeCheck = 1130;
				ORGANIZATIONNAME = "IntelWifi for MacOS authors";
				TargetAttributes = {
					6843D9F6245CF9F500AF7F87 = {
						CreatedOnToolsVersion = 11.3.1;
					};
				};
			};
			buildConfigurationList = 6843D9F1245CF9F500AF7F87 /* Build configuration list for PBXProject "cafe80211" */;
			compatibilityVersion = "Xcode 9.3";
			developmentRegion = en;
			hasScannedForEncodings = 0;
			knownRegions = (
				en,
				Base,
			);
			mainGroup = 6843D9ED245CF9F500AF7F87;
			productRefGroup = 6843D9F8245CF9F500AF7F87 /* Products */;
			projectDirPath = "";
			projectRoot = "";
			targets = (
				6843D9F6245CF9F500AF7F87 /* cafe80211 */,
			);
		};
/* End PBXProject section */

/* Begin PBXResourcesBuildPhase section */
		6843D9F5245CF9F500AF7F87 /* Resources */ = {
			isa = PBXResourcesBuildPhase;
			buildActionMask = 2147483647;
			files = (
			);
			runOnlyForDeploymentPostprocessing = 0;
		};
/* End PBXResourcesBuildPhase section */

/* Begin PBXSourcesBuildPhase section */
		6843D9F3245CF9F500AF7F87 /* Sources */ = {
			isa = PBXSourcesBuildPhase;
			buildActionMask = 2147483647;
			files = (
				6843D9FD245CF9F500AF7F87 /* cafe80211.cpp in Sources */,
				6843DA22245D280700AF7F87 /* cafe80211workloop.cpp in Sources */,
				6843DA06245CFCB200AF7F87 /* cafe80211device.cpp in Sources */,
			);
			runOnlyForDeploymentPostprocessing = 0;
		};
/* End PBXSourcesBuildPhase section */

/* Begin XCBuildConfiguration section */
		6843D9FF245CF9F500AF7F87 /* Debug */ = {
			isa = XCBuildConfiguration;
			buildSettings = {
				ALWAYS_SEARCH_USER_PATHS = NO;
				CLANG_ANALYZER_NONNULL = YES;
				CLANG_ANALYZER_NUMBER_OBJECT_CONVERSION = YES_AGGRESSIVE;
				CLANG_CXX_LANGUAGE_STANDARD = "gnu++14";
				CLANG_CXX_LIBRARY = "libc++";
				CLANG_ENABLE_MODULES = YES;
				CLANG_ENABLE_OBJC_ARC = YES;
				CLANG_ENABLE_OBJC_WEAK = YES;
				CLANG_WARN_BLOCK_CAPTURE_AUTORELEASING = YES;
				CLANG_WARN_BOOL_CONVERSION = YES;
				CLANG_WARN_COMMA = YES;
				CLANG_WARN_CONSTANT_CONVERSION = YES;
				CLANG_WARN_DEPRECATED_OBJC_IMPLEMENTATIONS = YES;
				CLANG_WARN_DIRECT_OBJC_ISA_USAGE = YES_ERROR;
				CLANG_WARN_DOCUMENTATION_COMMENTS = YES;
				CLANG_WARN_EMPTY_BODY = YES;
				CLANG_WARN_ENUM_CONVERSION = YES;
				CLANG_WARN_INFINITE_RECURSION = YES;
				CLANG_WARN_INT_CONVERSION = YES;
				CLANG_WARN_NON_LITERAL_NULL_CONVERSION = YES;
				CLANG_WARN_OBJC_IMPLICIT_RETAIN_SELF = YES;
				CLANG_WARN_OBJC_LITERAL_CONVERSION = YES;
				CLANG_WARN_OBJC_ROOT_CLASS = YES_ERROR;
				CLANG_WARN_RANGE_LOOP_ANALYSIS = YES;
				CLANG_WARN_STRICT_PROTOTYPES = YES;
				CLANG_WARN_SUSPICIOUS_MOVE = YES;
				CLANG_WARN_UNGUARDED_AVAILABILITY = YES_AGGRESSIVE;
				CLANG_WARN_UNREACHABLE_CODE = YES;
				CLANG_WARN__DUPLICATE_METHOD_MATCH = YES;
				COPY_PHASE_STRIP = NO;
				DEBUG_INFORMATION_FORMAT = dwarf;
				ENABLE_STRICT_OBJC_MSGSEND = YES;
				ENABLE_TESTABILITY = YES;
				GCC_C_LANGUAGE_STANDARD = gnu11;
				GCC_DYNAMIC_NO_PIC = NO;
				GCC_NO_COMMON_BLOCKS = YES;
				GCC_OPTIMIZATION_LEVEL = 0;
				GCC_PREPROCESSOR_DEFINITIONS = (
					"DEBUG=1",
					"$(inherited)",
				);
				GCC_WARN_64_TO_32_BIT_CONVERSION = YES;
				GCC_WARN_ABOUT_RETURN_TYPE = YES_ERROR;
				GCC_WARN_UNDECLARED_SELECTOR = YES;
				GCC_WARN_UNINITIALIZED_AUTOS = YES_AGGRESSIVE;
				GCC_WARN_UNUSED_FUNCTION = YES;
				GCC_WARN_UNUSED_VARIABLE = YES;
				MACOSX_DEPLOYMENT_TARGET = 10.15;
				MTL_ENABLE_DEBUG_INFO = INCLUDE_SOURCE;
				MTL_FAST_MATH = YES;
				ONLY_ACTIVE_ARCH = YES;
				SDKROOT = macosx;
			};
			name = Debug;
		};
		6843DA00245CF9F500AF7F87 /* Release */ = {
			isa = XCBuildConfiguration;
			buildSettings = {
				ALWAYS_SEARCH_USER_PATHS = NO;
				CLANG_ANALYZER_NONNULL = YES;
				CLANG_ANALYZER_NUMBER_OBJECT_CONVERSION = YES_AGGRESSIVE;
				CLANG_CXX_LANGUAGE_STANDARD = "gnu++14";
				CLANG_CXX_LIBRARY = "libc++";
				CLANG_ENABLE_MODULES = YES;
				CLANG_ENABLE_OBJC_ARC = YES;
				CLANG_ENABLE_OBJC_WEAK = YES;
				CLANG_WARN_BLOCK_CAPTURE_AUTORELEASING = YES;
				CLANG_WARN_BOOL_CONVERSION = YES;
				CLANG_WARN_COMMA = YES;
				CLANG_WARN_CONSTANT_CONVERSION = YES;
				CLANG_WARN_DEPRECATED_OBJC_IMPLEMENTATIONS = YES;
				CLANG_WARN_DIRECT_OBJC_ISA_USAGE = YES_ERROR;
				CLANG_WARN_DOCUMENTATION_COMMENTS = YES;
				CLANG_WARN_EMPTY_BODY = YES;
				CLANG_WARN_ENUM_CONVERSION = YES;
				CLANG_WARN_INFINITE_RECURSION = YES;
				CLANG_WARN_INT_CONVERSION = YES;
				CLANG_WARN_NON_LITERAL_NULL_CONVERSION = YES;
				CLANG_WARN_OBJC_IMPLICIT_RETAIN_SELF = YES;
				CLANG_WARN_OBJC_LITERAL_CONVERSION = YES;
				CLANG_WARN_OBJC_ROOT_CLASS = YES_ERROR;
				CLANG_WARN_RANGE_LOOP_ANALYSIS = YES;
				CLANG_WARN_STRICT_PROTOTYPES = YES;
				CLANG_WARN_SUSPICIOUS_MOVE = YES;
				CLANG_WARN_UNGUARDED_AVAILABILITY = YES_AGGRESSIVE;
				CLANG_WARN_UNREACHABLE_CODE = YES;
				CLANG_WARN__DUPLICATE_METHOD_MATCH = YES;
				COPY_PHASE_STRIP = NO;
				DEBUG_INFORMATION_FORMAT = "dwarf-with-dsym";
				ENABLE_NS_ASSERTIONS = NO;
				ENABLE_STRICT_OBJC_MSGSEND = YES;
				GCC_C_LANGUAGE_STANDARD = gnu11;
				GCC_NO_COMMON_BLOCKS = YES;
				GCC_WARN_64_TO_32_BIT_CONVERSION = YES;
				GCC_WARN_ABOUT_RETURN_TYPE = YES_ERROR;
				GCC_WARN_UNDECLARED_SELECTOR = YES;
				GCC_WARN_UNINITIALIZED_AUTOS = YES_AGGRESSIVE;
				GCC_WARN_UNUSED_FUNCTION = YES;
				GCC_WARN_UNUSED_VARIABLE = YES;
				MACOSX_DEPLOYMENT_TARGET = 10.15;
				MTL_ENABLE_DEBUG_INFO = NO;
				MTL_FAST_MATH = YES;
				SDKROOT = macosx;
			};
			name = Release;
		};
		6843DA02245CF9F500AF7F87 /* Debug */ = {
			isa = XCBuildConfiguration;
			buildSettings = {
				CODE_SIGN_STYLE = Automatic;
				COMBINE_HIDPI_IMAGES = YES;
				CURRENT_PROJECT_VERSION = 1.0.0d1;
				INFOPLIST_FILE = cafe80211/Info.plist;
				MODULE_NAME = us.appleintelwifi.cafe80211;
				MODULE_VERSION = 1.0.0d1;
				PRODUCT_BUNDLE_IDENTIFIER = us.appleintelwifi.cafe80211;
				PRODUCT_NAME = "$(TARGET_NAME)";
				WRAPPER_EXTENSION = kext;
			};
			name = Debug;
		};
		6843DA03245CF9F500AF7F87 /* Release */ = {
			isa = XCBuildConfiguration;
			buildSettings = {
				CODE_SIGN_STYLE = Automatic;
				COMBINE_HIDPI_IMAGES = YES;
				CURRENT_PROJECT_VERSION = 1.0.0d1;
				INFOPLIST_FILE = cafe80211/Info.plist;
				MODULE_NAME = us.appleintelwifi.cafe80211;
				MODULE_VERSION = 1.0.0d1;
				PRODUCT_BUNDLE_IDENTIFIER = us.appleintelwifi.cafe80211;
				PRODUCT_NAME = "$(TARGET_NAME)";
				WRAPPER_EXTENSION = kext;
			};
			name = Release;
		};
/* End XCBuildConfiguration section */

/* Begin XCConfigurationList section */
		6843D9F1245CF9F500AF7F87 /* Build configuration list for PBXProject "cafe80211" */ = {
			isa = XCConfigurationList;
			buildConfigurations = (
				6843D9FF245CF9F500AF7F87 /* Debug */,
				6843DA00245CF9F500AF7F87 /* Release */,
			);
			defaultConfigurationIsVisible = 0;
			defaultConfigurationName = Release;
		};
		6843DA01245CF9F500AF7F87 /* Build configuration list for PBXNativeTarget "cafe80211" */ = {
			isa = XCConfigurationList;
			buildConfigurations = (
				6843DA02245CF9F500AF7F87 /* Debug */,
				6843DA03245CF9F500AF7F87 /* Release */,
			);
			defaultConfigurationIsVisible = 0;
			defaultConfigurationName = Release;
		};
/* End XCConfigurationList section */
	};
	rootObject = 6843D9EE245CF9F500AF7F87 /* Project object */;
}
